
Microsoft Visual Studio Solution File, Format Version 12.00
# Visual Studio 15
VisualStudioVersion = 15.0.28307.168
MinimumVisualStudioVersion = 10.0.40219.1
Project("{FAE04EC0-301F-11D3-BF4B-00C04F79EFBC}") = "Hearth Stone", "Hearth Stone\Hearth Stone.csproj", "{88099EBC-CA12-43EF-A9F1-2FD9E492D5C1}"
EndProject
Project("{FAE04EC0-301F-11D3-BF4B-00C04F79EFBC}") = "test", "test\test.csproj", "{66A5B8F9-B217-4217-8C81-4F8E5D390BAF}"
EndProject
Global
	GlobalSection(SolutionConfigurationPlatforms) = preSolution
		Debug|Any CPU = Debug|Any CPU
		Release|Any CPU = Release|Any CPU
	EndGlobalSection
	GlobalSection(ProjectConfigurationPlatforms) = postSolution
		{88099EBC-CA12-43EF-A9F1-2FD9E492D5C1}.Debug|Any CPU.ActiveCfg = Debug|Any CPU
		{88099EBC-CA12-43EF-A9F1-2FD9E492D5C1}.Debug|Any CPU.Build.0 = Debug|Any CPU
		{88099EBC-CA12-43EF-A9F1-2FD9E492D5C1}.Release|Any CPU.ActiveCfg = Release|Any CPU
		{88099EBC-CA12-43EF-A9F1-2FD9E492D5C1}.Release|Any CPU.Build.0 = Release|Any CPU
		{66A5B8F9-B217-4217-8C81-4F8E5D390BAF}.Debug|Any CPU.ActiveCfg = Debug|Any CPU
		{66A5B8F9-B217-4217-8C81-4F8E5D390BAF}.Debug|Any CPU.Build.0 = Debug|Any CPU
		{66A5B8F9-B217-4217-8C81-4F8E5D390BAF}.Release|Any CPU.ActiveCfg = Release|Any CPU
		{66A5B8F9-B217-4217-8C81-4F8E5D390BAF}.Release|Any CPU.Build.0 = Release|Any CPU
	EndGlobalSection
	GlobalSection(SolutionProperties) = preSolution
		HideSolutionNode = FALSE
	EndGlobalSection
	GlobalSection(ExtensibilityGlobals) = postSolution
		SolutionGuid = {F331B886-26C0-4A30-851C-24554884AA9A}
	EndGlobalSection
EndGlobal
